
Microsoft Visual Studio Solution File, Format Version 12.00
# Visual Studio 15
VisualStudioVersion = 15.0.28307.421
MinimumVisualStudioVersion = 10.0.40219.1
Project("{A07B5EB6-E848-4116-A8D0-A826331D98C6}") = "CSS.Connector.FileProcessing.Package", "CSS.Connector.FileProcessing.Package\FileProcessing.Package.sfproj", "{F7422B4B-FD98-4B18-A08F-0A97945A09BF}"
EndProject
Project("{9A19103F-16F7-4668-BE54-9A1E7A4F7556}") = "CSS.Connector.FileProcessing", "FileProcessing\FileProcessing.csproj", "{29ED5B9A-50C6-4FB5-9612-FDB46532A759}"
EndProject
Project("{9A19103F-16F7-4668-BE54-9A1E7A4F7556}") = "CSS.Connector.FileProcessing.Core", "FileProcessing.Core\FileProcessing.Core.csproj", "{119605F7-F39D-4744-9D5C-E6C0B0E3ECB3}"
EndProject
Project("{9A19103F-16F7-4668-BE54-9A1E7A4F7556}") = "CSS.Connector.FileProcessing.Core.TestConsoleApp", "FileProcessing.Core.TestConsoleApp\FileProcessing.Core.TestConsoleApp.csproj", "{C06F3EBE-0287-472C-9906-BDEEB448BF62}"
EndProject
Project("{9A19103F-16F7-4668-BE54-9A1E7A4F7556}") = "CSS.Connector.FileProcessing.Models", "FileProcessing.Models\CFileProcessing.Models.csproj", "{A32B09BF-5784-4046-94E4-5B5B8AE5EC40}"
EndProject
Project("{9A19103F-16F7-4668-BE54-9A1E7A4F7556}") = "CSS.Connector.FileProcessing.Core.Test", "FileProcessing.Core.Test\FileProcessing.Core.Test.csproj", "{453B0F6C-CABD-448F-B02F-D72E990BABA8}"
EndProject
Project("{FAE04EC0-301F-11D3-BF4B-00C04F79EFBC}") = "CSS.Connector.FileProcessors.Vanguard", "FileProcessors.Vanguard\FileProcessors.Vanguard.csproj", "{94565F17-112F-456A-B379-818F7542950A}"
EndProject
Global
	GlobalSection(SolutionConfigurationPlatforms) = preSolution
		Debug|Any CPU = Debug|Any CPU
		Debug|x64 = Debug|x64
		Release|Any CPU = Release|Any CPU
		Release|x64 = Release|x64
	EndGlobalSection
	GlobalSection(ProjectConfigurationPlatforms) = postSolution
		{F7422B4B-FD98-4B18-A08F-0A97945A09BF}.Debug|Any CPU.ActiveCfg = Debug|x64
		{F7422B4B-FD98-4B18-A08F-0A97945A09BF}.Debug|Any CPU.Build.0 = Debug|x64
		{F7422B4B-FD98-4B18-A08F-0A97945A09BF}.Debug|Any CPU.Deploy.0 = Debug|x64
		{F7422B4B-FD98-4B18-A08F-0A97945A09BF}.Debug|x64.ActiveCfg = Debug|x64
		{F7422B4B-FD98-4B18-A08F-0A97945A09BF}.Debug|x64.Build.0 = Debug|x64
		{F7422B4B-FD98-4B18-A08F-0A97945A09BF}.Debug|x64.Deploy.0 = Debug|x64
		{F7422B4B-FD98-4B18-A08F-0A97945A09BF}.Release|Any CPU.ActiveCfg = Release|x64
		{F7422B4B-FD98-4B18-A08F-0A97945A09BF}.Release|x64.ActiveCfg = Release|x64
		{F7422B4B-FD98-4B18-A08F-0A97945A09BF}.Release|x64.Build.0 = Release|x64
		{F7422B4B-FD98-4B18-A08F-0A97945A09BF}.Release|x64.Deploy.0 = Release|x64
		{29ED5B9A-50C6-4FB5-9612-FDB46532A759}.Debug|Any CPU.ActiveCfg = Debug|Any CPU
		{29ED5B9A-50C6-4FB5-9612-FDB46532A759}.Debug|Any CPU.Build.0 = Debug|Any CPU
		{29ED5B9A-50C6-4FB5-9612-FDB46532A759}.Debug|x64.ActiveCfg = Debug|Any CPU
		{29ED5B9A-50C6-4FB5-9612-FDB46532A759}.Debug|x64.Build.0 = Debug|Any CPU
		{29ED5B9A-50C6-4FB5-9612-FDB46532A759}.Release|Any CPU.ActiveCfg = Release|Any CPU
		{29ED5B9A-50C6-4FB5-9612-FDB46532A759}.Release|Any CPU.Build.0 = Release|Any CPU
		{29ED5B9A-50C6-4FB5-9612-FDB46532A759}.Release|x64.ActiveCfg = Release|Any CPU
		{29ED5B9A-50C6-4FB5-9612-FDB46532A759}.Release|x64.Build.0 = Release|Any CPU
		{119605F7-F39D-4744-9D5C-E6C0B0E3ECB3}.Debug|Any CPU.ActiveCfg = Debug|Any CPU
		{119605F7-F39D-4744-9D5C-E6C0B0E3ECB3}.Debug|Any CPU.Build.0 = Debug|Any CPU
		{119605F7-F39D-4744-9D5C-E6C0B0E3ECB3}.Debug|x64.ActiveCfg = Debug|Any CPU
		{119605F7-F39D-4744-9D5C-E6C0B0E3ECB3}.Debug|x64.Build.0 = Debug|Any CPU
		{119605F7-F39D-4744-9D5C-E6C0B0E3ECB3}.Release|Any CPU.ActiveCfg = Release|Any CPU
		{119605F7-F39D-4744-9D5C-E6C0B0E3ECB3}.Release|Any CPU.Build.0 = Release|Any CPU
		{119605F7-F39D-4744-9D5C-E6C0B0E3ECB3}.Release|x64.ActiveCfg = Release|Any CPU
		{119605F7-F39D-4744-9D5C-E6C0B0E3ECB3}.Release|x64.Build.0 = Release|Any CPU
		{C06F3EBE-0287-472C-9906-BDEEB448BF62}.Debug|Any CPU.ActiveCfg = Debug|Any CPU
		{C06F3EBE-0287-472C-9906-BDEEB448BF62}.Debug|Any CPU.Build.0 = Debug|Any CPU
		{C06F3EBE-0287-472C-9906-BDEEB448BF62}.Debug|x64.ActiveCfg = Debug|Any CPU
		{C06F3EBE-0287-472C-9906-BDEEB448BF62}.Debug|x64.Build.0 = Debug|Any CPU
		{C06F3EBE-0287-472C-9906-BDEEB448BF62}.Release|Any CPU.ActiveCfg = Release|Any CPU
		{C06F3EBE-0287-472C-9906-BDEEB448BF62}.Release|Any CPU.Build.0 = Release|Any CPU
		{C06F3EBE-0287-472C-9906-BDEEB448BF62}.Release|x64.ActiveCfg = Release|Any CPU
		{C06F3EBE-0287-472C-9906-BDEEB448BF62}.Release|x64.Build.0 = Release|Any CPU
		{A32B09BF-5784-4046-94E4-5B5B8AE5EC40}.Debug|Any CPU.ActiveCfg = Debug|Any CPU
		{A32B09BF-5784-4046-94E4-5B5B8AE5EC40}.Debug|Any CPU.Build.0 = Debug|Any CPU
		{A32B09BF-5784-4046-94E4-5B5B8AE5EC40}.Debug|x64.ActiveCfg = Debug|Any CPU
		{A32B09BF-5784-4046-94E4-5B5B8AE5EC40}.Debug|x64.Build.0 = Debug|Any CPU
		{A32B09BF-5784-4046-94E4-5B5B8AE5EC40}.Release|Any CPU.ActiveCfg = Release|Any CPU
		{A32B09BF-5784-4046-94E4-5B5B8AE5EC40}.Release|Any CPU.Build.0 = Release|Any CPU
		{A32B09BF-5784-4046-94E4-5B5B8AE5EC40}.Release|x64.ActiveCfg = Release|Any CPU
		{A32B09BF-5784-4046-94E4-5B5B8AE5EC40}.Release|x64.Build.0 = Release|Any CPU
		{453B0F6C-CABD-448F-B02F-D72E990BABA8}.Debug|Any CPU.ActiveCfg = Debug|Any CPU
		{453B0F6C-CABD-448F-B02F-D72E990BABA8}.Debug|Any CPU.Build.0 = Debug|Any CPU
		{453B0F6C-CABD-448F-B02F-D72E990BABA8}.Debug|x64.ActiveCfg = Debug|Any CPU
		{453B0F6C-CABD-448F-B02F-D72E990BABA8}.Debug|x64.Build.0 = Debug|Any CPU
		{453B0F6C-CABD-448F-B02F-D72E990BABA8}.Release|Any CPU.ActiveCfg = Release|Any CPU
		{453B0F6C-CABD-448F-B02F-D72E990BABA8}.Release|Any CPU.Build.0 = Release|Any CPU
		{453B0F6C-CABD-448F-B02F-D72E990BABA8}.Release|x64.ActiveCfg = Release|Any CPU
		{453B0F6C-CABD-448F-B02F-D72E990BABA8}.Release|x64.Build.0 = Release|Any CPU
		{94565F17-112F-456A-B379-818F7542950A}.Debug|Any CPU.ActiveCfg = Debug|Any CPU
		{94565F17-112F-456A-B379-818F7542950A}.Debug|Any CPU.Build.0 = Debug|Any CPU
		{94565F17-112F-456A-B379-818F7542950A}.Debug|x64.ActiveCfg = Debug|Any CPU
		{94565F17-112F-456A-B379-818F7542950A}.Debug|x64.Build.0 = Debug|Any CPU
		{94565F17-112F-456A-B379-818F7542950A}.Release|Any CPU.ActiveCfg = Release|Any CPU
		{94565F17-112F-456A-B379-818F7542950A}.Release|Any CPU.Build.0 = Release|Any CPU
		{94565F17-112F-456A-B379-818F7542950A}.Release|x64.ActiveCfg = Release|Any CPU
		{94565F17-112F-456A-B379-818F7542950A}.Release|x64.Build.0 = Release|Any CPU
	EndGlobalSection
	GlobalSection(SolutionProperties) = preSolution
		HideSolutionNode = FALSE
	EndGlobalSection
	GlobalSection(ExtensibilityGlobals) = postSolution
		SolutionGuid = {F65929EB-89F0-4C6E-AAEB-542EF273CF1B}
	EndGlobalSection
	GlobalSection(TeamFoundationVersionControl) = preSolution
		SccNumberOfProjects = 8
		SccEnterpriseProvider = {4CA58AB2-18FA-4F8D-95D4-32DDF27D184C}
		SccTeamFoundationServer = https://craigs-dev.visualstudio.com/
		SccLocalPath0 = .
		SccProjectUniqueName1 = CSS.Connector.FileProcessing.Package\\CSS.Connector.FileProcessing.Package.sfproj
		SccProjectName1 = CSS.Connector.FileProcessing.Package
		SccLocalPath1 = CSS.Connector.FileProcessing.Package
		SccProjectUniqueName2 = CSS.Connector.FileProcessing\\CSS.Connector.FileProcessing.csproj
		SccProjectName2 = CSS.Connector.FileProcessing
		SccLocalPath2 = CSS.Connector.FileProcessing
		SccProjectUniqueName3 = ..\\CSS.Connector.FileProcessing.Core\\CSS.Connector.FileProcessing.Core.csproj
		SccProjectName3 = ../CSS.Connector.FileProcessing.Core
		SccLocalPath3 = ..\\CSS.Connector.FileProcessing.Core
		SccProjectUniqueName4 = CSS.Connector.FileProcessing.Core.TestConsoleApp\\CSS.Connector.FileProcessing.Core.TestConsoleApp.csproj
		SccProjectName4 = CSS.Connector.FileProcessing.Core.TestConsoleApp
		SccLocalPath4 = CSS.Connector.FileProcessing.Core.TestConsoleApp
		SccProjectUniqueName5 = ..\\CSS.Connector.FileProcessing.Models\\CSS.Connector.FileProcessing.Models.csproj
		SccProjectName5 = ../CSS.Connector.FileProcessing.Models
		SccLocalPath5 = ..\\CSS.Connector.FileProcessing.Models
		SccProjectUniqueName6 = CSS.Connector.FileProcessing.Core.Test\\CSS.Connector.FileProcessing.Core.Test.csproj
		SccProjectName6 = CSS.Connector.FileProcessing.Core.Test
		SccLocalPath6 = CSS.Connector.FileProcessing.Core.Test
		SccProjectUniqueName7 = ..\\CSS.Connector.FileProcessors.Vanguard\\CSS.Connector.FileProcessors.Vanguard.csproj
		SccProjectName7 = ../CSS.Connector.FileProcessors.Vanguard
		SccLocalPath7 = ..\\CSS.Connector.FileProcessors.Vanguard
	EndGlobalSection
EndGlobal
