
Microsoft Visual Studio Solution File, Format Version 12.00
# Visual Studio Version 16
VisualStudioVersion = 16.0.29728.190
MinimumVisualStudioVersion = 10.0.40219.1
Project("{9A19103F-16F7-4668-BE54-9A1E7A4F7556}") = "FileProcessing", "FileProcessing\FileProcessing.csproj", "{29ED5B9A-50C6-4FB5-9612-FDB46532A759}"
EndProject
Project("{9A19103F-16F7-4668-BE54-9A1E7A4F7556}") = "FileProcessing.Core", "FileProcessing.Core\FileProcessing.Core.csproj", "{119605F7-F39D-4744-9D5C-E6C0B0E3ECB3}"
EndProject
Project("{9A19103F-16F7-4668-BE54-9A1E7A4F7556}") = "FileProcessors.Vanguard", "FileProcessors.Vanguard\FileProcessors.Vanguard.csproj", "{94565F17-112F-456A-B379-818F7542950A}"
EndProject
Global
	GlobalSection(SolutionConfigurationPlatforms) = preSolution
		Debug|Any CPU = Debug|Any CPU
		Debug|x64 = Debug|x64
		Release|Any CPU = Release|Any CPU
		Release|x64 = Release|x64
	EndGlobalSection
	GlobalSection(ProjectConfigurationPlatforms) = postSolution
		{29ED5B9A-50C6-4FB5-9612-FDB46532A759}.Debug|Any CPU.ActiveCfg = Debug|Any CPU
		{29ED5B9A-50C6-4FB5-9612-FDB46532A759}.Debug|Any CPU.Build.0 = Debug|Any CPU
		{29ED5B9A-50C6-4FB5-9612-FDB46532A759}.Debug|x64.ActiveCfg = Debug|Any CPU
		{29ED5B9A-50C6-4FB5-9612-FDB46532A759}.Debug|x64.Build.0 = Debug|Any CPU
		{29ED5B9A-50C6-4FB5-9612-FDB46532A759}.Release|Any CPU.ActiveCfg = Release|Any CPU
		{29ED5B9A-50C6-4FB5-9612-FDB46532A759}.Release|Any CPU.Build.0 = Release|Any CPU
		{29ED5B9A-50C6-4FB5-9612-FDB46532A759}.Release|x64.ActiveCfg = Release|Any CPU
		{29ED5B9A-50C6-4FB5-9612-FDB46532A759}.Release|x64.Build.0 = Release|Any CPU
		{119605F7-F39D-4744-9D5C-E6C0B0E3ECB3}.Debug|Any CPU.ActiveCfg = Debug|Any CPU
		{119605F7-F39D-4744-9D5C-E6C0B0E3ECB3}.Debug|Any CPU.Build.0 = Debug|Any CPU
		{119605F7-F39D-4744-9D5C-E6C0B0E3ECB3}.Debug|x64.ActiveCfg = Debug|Any CPU
		{119605F7-F39D-4744-9D5C-E6C0B0E3ECB3}.Debug|x64.Build.0 = Debug|Any CPU
		{119605F7-F39D-4744-9D5C-E6C0B0E3ECB3}.Release|Any CPU.ActiveCfg = Release|Any CPU
		{119605F7-F39D-4744-9D5C-E6C0B0E3ECB3}.Release|Any CPU.Build.0 = Release|Any CPU
		{119605F7-F39D-4744-9D5C-E6C0B0E3ECB3}.Release|x64.ActiveCfg = Release|Any CPU
		{119605F7-F39D-4744-9D5C-E6C0B0E3ECB3}.Release|x64.Build.0 = Release|Any CPU
		{94565F17-112F-456A-B379-818F7542950A}.Debug|Any CPU.ActiveCfg = Debug|Any CPU
		{94565F17-112F-456A-B379-818F7542950A}.Debug|Any CPU.Build.0 = Debug|Any CPU
		{94565F17-112F-456A-B379-818F7542950A}.Debug|x64.ActiveCfg = Debug|Any CPU
		{94565F17-112F-456A-B379-818F7542950A}.Debug|x64.Build.0 = Debug|Any CPU
		{94565F17-112F-456A-B379-818F7542950A}.Release|Any CPU.ActiveCfg = Release|Any CPU
		{94565F17-112F-456A-B379-818F7542950A}.Release|Any CPU.Build.0 = Release|Any CPU
		{94565F17-112F-456A-B379-818F7542950A}.Release|x64.ActiveCfg = Release|Any CPU
		{94565F17-112F-456A-B379-818F7542950A}.Release|x64.Build.0 = Release|Any CPU
	EndGlobalSection
	GlobalSection(SolutionProperties) = preSolution
		HideSolutionNode = FALSE
	EndGlobalSection
	GlobalSection(ExtensibilityGlobals) = postSolution
		SolutionGuid = {F65929EB-89F0-4C6E-AAEB-542EF273CF1B}
	EndGlobalSection
EndGlobal
